
Microsoft Visual Studio Solution File, Format Version 12.00
# Visual Studio Version 17
VisualStudioVersion = 17.9.34728.123
MinimumVisualStudioVersion = 10.0.40219.1
Project("{9A19103F-16F7-4668-BE54-9A1E7A4F7556}") = "DataAccessLayer", "DataAccessLayer\DataAccessLayer.csproj", "{3D28424B-AED5-4AA2-B397-D5378B4C8C63}"
EndProject
Project("{9A19103F-16F7-4668-BE54-9A1E7A4F7556}") = "Repositories", "Repositories\Repositories.csproj", "{27D97DC3-02DD-4903-8C9B-57D205C6F6D0}"
EndProject
Project("{9A19103F-16F7-4668-BE54-9A1E7A4F7556}") = "Services", "Services\Services.csproj", "{5EE64F49-CBE4-4232-BF62-FCCE88D3DC59}"
EndProject
Project("{9A19103F-16F7-4668-BE54-9A1E7A4F7556}") = "WPFApp", "WPFApp\WPFApp.csproj", "{57E347E9-7C36-4FE7-A05E-B2BD33DF614A}"
EndProject
Project("{FAE04EC0-301F-11D3-BF4B-00C04F79EFBC}") = "BusinessObjects", "BusinessObjects\BusinessObjects.csproj", "{BF9B0656-659A-40F1-8DA1-5C31DD6090AF}"
EndProject
Global
	GlobalSection(SolutionConfigurationPlatforms) = preSolution
		Debug|Any CPU = Debug|Any CPU
		Release|Any CPU = Release|Any CPU
	EndGlobalSection
	GlobalSection(ProjectConfigurationPlatforms) = postSolution
		{3D28424B-AED5-4AA2-B397-D5378B4C8C63}.Debug|Any CPU.ActiveCfg = Debug|Any CPU
		{3D28424B-AED5-4AA2-B397-D5378B4C8C63}.Debug|Any CPU.Build.0 = Debug|Any CPU
		{3D28424B-AED5-4AA2-B397-D5378B4C8C63}.Release|Any CPU.ActiveCfg = Release|Any CPU
		{3D28424B-AED5-4AA2-B397-D5378B4C8C63}.Release|Any CPU.Build.0 = Release|Any CPU
		{27D97DC3-02DD-4903-8C9B-57D205C6F6D0}.Debug|Any CPU.ActiveCfg = Debug|Any CPU
		{27D97DC3-02DD-4903-8C9B-57D205C6F6D0}.Debug|Any CPU.Build.0 = Debug|Any CPU
		{27D97DC3-02DD-4903-8C9B-57D205C6F6D0}.Release|Any CPU.ActiveCfg = Release|Any CPU
		{27D97DC3-02DD-4903-8C9B-57D205C6F6D0}.Release|Any CPU.Build.0 = Release|Any CPU
		{5EE64F49-CBE4-4232-BF62-FCCE88D3DC59}.Debug|Any CPU.ActiveCfg = Debug|Any CPU
		{5EE64F49-CBE4-4232-BF62-FCCE88D3DC59}.Debug|Any CPU.Build.0 = Debug|Any CPU
		{5EE64F49-CBE4-4232-BF62-FCCE88D3DC59}.Release|Any CPU.ActiveCfg = Release|Any CPU
		{5EE64F49-CBE4-4232-BF62-FCCE88D3DC59}.Release|Any CPU.Build.0 = Release|Any CPU
		{57E347E9-7C36-4FE7-A05E-B2BD33DF614A}.Debug|Any CPU.ActiveCfg = Debug|Any CPU
		{57E347E9-7C36-4FE7-A05E-B2BD33DF614A}.Debug|Any CPU.Build.0 = Debug|Any CPU
		{57E347E9-7C36-4FE7-A05E-B2BD33DF614A}.Release|Any CPU.ActiveCfg = Release|Any CPU
		{57E347E9-7C36-4FE7-A05E-B2BD33DF614A}.Release|Any CPU.Build.0 = Release|Any CPU
		{BF9B0656-659A-40F1-8DA1-5C31DD6090AF}.Debug|Any CPU.ActiveCfg = Debug|Any CPU
		{BF9B0656-659A-40F1-8DA1-5C31DD6090AF}.Debug|Any CPU.Build.0 = Debug|Any CPU
		{BF9B0656-659A-40F1-8DA1-5C31DD6090AF}.Release|Any CPU.ActiveCfg = Release|Any CPU
		{BF9B0656-659A-40F1-8DA1-5C31DD6090AF}.Release|Any CPU.Build.0 = Release|Any CPU
	EndGlobalSection
	GlobalSection(SolutionProperties) = preSolution
		HideSolutionNode = FALSE
	EndGlobalSection
	GlobalSection(ExtensibilityGlobals) = postSolution
		SolutionGuid = {3C69A732-59F3-49A1-8F0D-4D09555EBAE3}
	EndGlobalSection
EndGlobal
